
Microsoft Visual Studio Solution File, Format Version 12.00
# Visual Studio Version 17
VisualStudioVersion = 17.1.32407.343
MinimumVisualStudioVersion = 10.0.40219.1
Project("{9A19103F-16F7-4668-BE54-9A1E7A4F7556}") = "POO-CSharp", "POO-CSharp\POO-CSharp.csproj", "{2333CF32-C627-492C-8045-80A35EF5CA4C}"
EndProject
Project("{9A19103F-16F7-4668-BE54-9A1E7A4F7556}") = "Aula4-Metodos", "Aula4-Metodos\Aula4-Metodos.csproj", "{9B51AFCB-5C6A-4DA3-A5D0-779F15242350}"
EndProject
Project("{9A19103F-16F7-4668-BE54-9A1E7A4F7556}") = "Aula5-Pratica", "Aula5-Pratica\Aula5-Pratica.csproj", "{D955153E-7EA1-42D9-8C6A-C4415801E0F6}"
EndProject
Project("{9A19103F-16F7-4668-BE54-9A1E7A4F7556}") = "Aula6-Exercicios", "Aula6-Exercicios\Aula6-Exercicios.csproj", "{679D5071-0579-4DB6-A5C3-E042B74D6F82}"
EndProject
Project("{9A19103F-16F7-4668-BE54-9A1E7A4F7556}") = "Aula6-Pratica2", "Aula6-Pratica2\Aula6-Pratica2.csproj", "{9BB602D8-984D-4923-BC31-F9BF2FD703FE}"
EndProject
Project("{FAE04EC0-301F-11D3-BF4B-00C04F79EFBC}") = "Aula7-Acesso", "Aula7-Acesso\Aula7-Acesso.csproj", "{17706C84-2851-430D-9BF2-1F4E8A03E311}"
EndProject
Global
	GlobalSection(SolutionConfigurationPlatforms) = preSolution
		Debug|Any CPU = Debug|Any CPU
		Release|Any CPU = Release|Any CPU
	EndGlobalSection
	GlobalSection(ProjectConfigurationPlatforms) = postSolution
		{2333CF32-C627-492C-8045-80A35EF5CA4C}.Debug|Any CPU.ActiveCfg = Debug|Any CPU
		{2333CF32-C627-492C-8045-80A35EF5CA4C}.Debug|Any CPU.Build.0 = Debug|Any CPU
		{2333CF32-C627-492C-8045-80A35EF5CA4C}.Release|Any CPU.ActiveCfg = Release|Any CPU
		{2333CF32-C627-492C-8045-80A35EF5CA4C}.Release|Any CPU.Build.0 = Release|Any CPU
		{9B51AFCB-5C6A-4DA3-A5D0-779F15242350}.Debug|Any CPU.ActiveCfg = Debug|Any CPU
		{9B51AFCB-5C6A-4DA3-A5D0-779F15242350}.Debug|Any CPU.Build.0 = Debug|Any CPU
		{9B51AFCB-5C6A-4DA3-A5D0-779F15242350}.Release|Any CPU.ActiveCfg = Release|Any CPU
		{9B51AFCB-5C6A-4DA3-A5D0-779F15242350}.Release|Any CPU.Build.0 = Release|Any CPU
		{D955153E-7EA1-42D9-8C6A-C4415801E0F6}.Debug|Any CPU.ActiveCfg = Debug|Any CPU
		{D955153E-7EA1-42D9-8C6A-C4415801E0F6}.Debug|Any CPU.Build.0 = Debug|Any CPU
		{D955153E-7EA1-42D9-8C6A-C4415801E0F6}.Release|Any CPU.ActiveCfg = Release|Any CPU
		{D955153E-7EA1-42D9-8C6A-C4415801E0F6}.Release|Any CPU.Build.0 = Release|Any CPU
		{679D5071-0579-4DB6-A5C3-E042B74D6F82}.Debug|Any CPU.ActiveCfg = Debug|Any CPU
		{679D5071-0579-4DB6-A5C3-E042B74D6F82}.Debug|Any CPU.Build.0 = Debug|Any CPU
		{679D5071-0579-4DB6-A5C3-E042B74D6F82}.Release|Any CPU.ActiveCfg = Release|Any CPU
		{679D5071-0579-4DB6-A5C3-E042B74D6F82}.Release|Any CPU.Build.0 = Release|Any CPU
		{9BB602D8-984D-4923-BC31-F9BF2FD703FE}.Debug|Any CPU.ActiveCfg = Debug|Any CPU
		{9BB602D8-984D-4923-BC31-F9BF2FD703FE}.Debug|Any CPU.Build.0 = Debug|Any CPU
		{9BB602D8-984D-4923-BC31-F9BF2FD703FE}.Release|Any CPU.ActiveCfg = Release|Any CPU
		{9BB602D8-984D-4923-BC31-F9BF2FD703FE}.Release|Any CPU.Build.0 = Release|Any CPU
		{17706C84-2851-430D-9BF2-1F4E8A03E311}.Debug|Any CPU.ActiveCfg = Debug|Any CPU
		{17706C84-2851-430D-9BF2-1F4E8A03E311}.Debug|Any CPU.Build.0 = Debug|Any CPU
		{17706C84-2851-430D-9BF2-1F4E8A03E311}.Release|Any CPU.ActiveCfg = Release|Any CPU
		{17706C84-2851-430D-9BF2-1F4E8A03E311}.Release|Any CPU.Build.0 = Release|Any CPU
	EndGlobalSection
	GlobalSection(SolutionProperties) = preSolution
		HideSolutionNode = FALSE
	EndGlobalSection
	GlobalSection(ExtensibilityGlobals) = postSolution
		SolutionGuid = {79579508-E3B9-42A5-B129-971381B0C5CE}
	EndGlobalSection
EndGlobal
