
Microsoft Visual Studio Solution File, Format Version 12.00
# Visual Studio Version 17
VisualStudioVersion = 17.1.32407.343
MinimumVisualStudioVersion = 10.0.40219.1
Project("{9A19103F-16F7-4668-BE54-9A1E7A4F7556}") = "POO-CSharp", "POO-CSharp\POO-CSharp.csproj", "{2333CF32-C627-492C-8045-80A35EF5CA4C}"
EndProject
Project("{9A19103F-16F7-4668-BE54-9A1E7A4F7556}") = "Aula4-Metodos", "Aula4-Metodos\Aula4-Metodos.csproj", "{9B51AFCB-5C6A-4DA3-A5D0-779F15242350}"
EndProject
Project("{9A19103F-16F7-4668-BE54-9A1E7A4F7556}") = "Aula5-Pratica", "Aula5-Pratica\Aula5-Pratica.csproj", "{D955153E-7EA1-42D9-8C6A-C4415801E0F6}"
EndProject
Project("{9A19103F-16F7-4668-BE54-9A1E7A4F7556}") = "Aula6-Exercicios", "Aula6-Exercicios\Aula6-Exercicios.csproj", "{679D5071-0579-4DB6-A5C3-E042B74D6F82}"
EndProject
Project("{9A19103F-16F7-4668-BE54-9A1E7A4F7556}") = "Aula6-Pratica2", "Aula6-Pratica2\Aula6-Pratica2.csproj", "{9BB602D8-984D-4923-BC31-F9BF2FD703FE}"
EndProject
Project("{9A19103F-16F7-4668-BE54-9A1E7A4F7556}") = "Aula7-Acesso", "Aula7-Acesso\Aula7-Acesso.csproj", "{17706C84-2851-430D-9BF2-1F4E8A03E311}"
EndProject
Project("{9A19103F-16F7-4668-BE54-9A1E7A4F7556}") = "Aula8-Encapsulamento", "Aula8-Encapsulamento\Aula8-Encapsulamento.csproj", "{19A7B9E3-59D2-46C7-A781-47E308285F93}"
EndProject
Project("{9A19103F-16F7-4668-BE54-9A1E7A4F7556}") = "Aula9-Construtor", "Aula9-Construtor\Aula9-Construtor.csproj", "{3F8DF1DE-B7B1-4501-AA1E-3FCDFE45BE4B}"
EndProject
Project("{9A19103F-16F7-4668-BE54-9A1E7A4F7556}") = "Aula10-GetSet", "Aula10-GetSet\Aula10-GetSet.csproj", "{1B76A69C-B2B1-4925-AB82-5CD5A6FE77EA}"
EndProject
Project("{9A19103F-16F7-4668-BE54-9A1E7A4F7556}") = "Aula11-This", "Aula11-This\Aula11-This.csproj", "{532DEA59-30AA-45B7-814D-479857508D26}"
EndProject
Project("{9A19103F-16F7-4668-BE54-9A1E7A4F7556}") = "Aula12-Heranca", "Aula12-Heranca\Aula12-Heranca.csproj", "{21261E6D-47B8-478F-AB50-979FD20A836A}"
EndProject
Project("{9A19103F-16F7-4668-BE54-9A1E7A4F7556}") = "Aula13-Polimorfismo", "Aula13-Polimorfismo\Aula13-Polimorfismo.csproj", "{B7208F4B-7ABB-498A-B19C-D217D6AE46EB}"
EndProject
Project("{9A19103F-16F7-4668-BE54-9A1E7A4F7556}") = "Aula14-Static", "Aula14-Static\Aula14-Static.csproj", "{0FDA1CE2-FFF6-46A8-BD88-824340C9F3F1}"
EndProject
Project("{FAE04EC0-301F-11D3-BF4B-00C04F79EFBC}") = "Aula15-Abstracao", "Aula15-Abstracao\Aula15-Abstracao.csproj", "{A1F4FC17-1529-47E9-9ADB-95AA4D0D3772}"
EndProject
Project("{FAE04EC0-301F-11D3-BF4B-00C04F79EFBC}") = "Aula16-Interface", "Aula16-Interface\Aula16-Interface.csproj", "{ED5B26E0-2FDD-4F5C-8180-A924D55ACE0B}"
EndProject
Global
	GlobalSection(SolutionConfigurationPlatforms) = preSolution
		Debug|Any CPU = Debug|Any CPU
		Release|Any CPU = Release|Any CPU
	EndGlobalSection
	GlobalSection(ProjectConfigurationPlatforms) = postSolution
		{2333CF32-C627-492C-8045-80A35EF5CA4C}.Debug|Any CPU.ActiveCfg = Debug|Any CPU
		{2333CF32-C627-492C-8045-80A35EF5CA4C}.Debug|Any CPU.Build.0 = Debug|Any CPU
		{2333CF32-C627-492C-8045-80A35EF5CA4C}.Release|Any CPU.ActiveCfg = Release|Any CPU
		{2333CF32-C627-492C-8045-80A35EF5CA4C}.Release|Any CPU.Build.0 = Release|Any CPU
		{9B51AFCB-5C6A-4DA3-A5D0-779F15242350}.Debug|Any CPU.ActiveCfg = Debug|Any CPU
		{9B51AFCB-5C6A-4DA3-A5D0-779F15242350}.Debug|Any CPU.Build.0 = Debug|Any CPU
		{9B51AFCB-5C6A-4DA3-A5D0-779F15242350}.Release|Any CPU.ActiveCfg = Release|Any CPU
		{9B51AFCB-5C6A-4DA3-A5D0-779F15242350}.Release|Any CPU.Build.0 = Release|Any CPU
		{D955153E-7EA1-42D9-8C6A-C4415801E0F6}.Debug|Any CPU.ActiveCfg = Debug|Any CPU
		{D955153E-7EA1-42D9-8C6A-C4415801E0F6}.Debug|Any CPU.Build.0 = Debug|Any CPU
		{D955153E-7EA1-42D9-8C6A-C4415801E0F6}.Release|Any CPU.ActiveCfg = Release|Any CPU
		{D955153E-7EA1-42D9-8C6A-C4415801E0F6}.Release|Any CPU.Build.0 = Release|Any CPU
		{679D5071-0579-4DB6-A5C3-E042B74D6F82}.Debug|Any CPU.ActiveCfg = Debug|Any CPU
		{679D5071-0579-4DB6-A5C3-E042B74D6F82}.Debug|Any CPU.Build.0 = Debug|Any CPU
		{679D5071-0579-4DB6-A5C3-E042B74D6F82}.Release|Any CPU.ActiveCfg = Release|Any CPU
		{679D5071-0579-4DB6-A5C3-E042B74D6F82}.Release|Any CPU.Build.0 = Release|Any CPU
		{9BB602D8-984D-4923-BC31-F9BF2FD703FE}.Debug|Any CPU.ActiveCfg = Debug|Any CPU
		{9BB602D8-984D-4923-BC31-F9BF2FD703FE}.Debug|Any CPU.Build.0 = Debug|Any CPU
		{9BB602D8-984D-4923-BC31-F9BF2FD703FE}.Release|Any CPU.ActiveCfg = Release|Any CPU
		{9BB602D8-984D-4923-BC31-F9BF2FD703FE}.Release|Any CPU.Build.0 = Release|Any CPU
		{17706C84-2851-430D-9BF2-1F4E8A03E311}.Debug|Any CPU.ActiveCfg = Debug|Any CPU
		{17706C84-2851-430D-9BF2-1F4E8A03E311}.Debug|Any CPU.Build.0 = Debug|Any CPU
		{17706C84-2851-430D-9BF2-1F4E8A03E311}.Release|Any CPU.ActiveCfg = Release|Any CPU
		{17706C84-2851-430D-9BF2-1F4E8A03E311}.Release|Any CPU.Build.0 = Release|Any CPU
		{19A7B9E3-59D2-46C7-A781-47E308285F93}.Debug|Any CPU.ActiveCfg = Debug|Any CPU
		{19A7B9E3-59D2-46C7-A781-47E308285F93}.Debug|Any CPU.Build.0 = Debug|Any CPU
		{19A7B9E3-59D2-46C7-A781-47E308285F93}.Release|Any CPU.ActiveCfg = Release|Any CPU
		{19A7B9E3-59D2-46C7-A781-47E308285F93}.Release|Any CPU.Build.0 = Release|Any CPU
		{3F8DF1DE-B7B1-4501-AA1E-3FCDFE45BE4B}.Debug|Any CPU.ActiveCfg = Debug|Any CPU
		{3F8DF1DE-B7B1-4501-AA1E-3FCDFE45BE4B}.Debug|Any CPU.Build.0 = Debug|Any CPU
		{3F8DF1DE-B7B1-4501-AA1E-3FCDFE45BE4B}.Release|Any CPU.ActiveCfg = Release|Any CPU
		{3F8DF1DE-B7B1-4501-AA1E-3FCDFE45BE4B}.Release|Any CPU.Build.0 = Release|Any CPU
		{1B76A69C-B2B1-4925-AB82-5CD5A6FE77EA}.Debug|Any CPU.ActiveCfg = Debug|Any CPU
		{1B76A69C-B2B1-4925-AB82-5CD5A6FE77EA}.Debug|Any CPU.Build.0 = Debug|Any CPU
		{1B76A69C-B2B1-4925-AB82-5CD5A6FE77EA}.Release|Any CPU.ActiveCfg = Release|Any CPU
		{1B76A69C-B2B1-4925-AB82-5CD5A6FE77EA}.Release|Any CPU.Build.0 = Release|Any CPU
		{532DEA59-30AA-45B7-814D-479857508D26}.Debug|Any CPU.ActiveCfg = Debug|Any CPU
		{532DEA59-30AA-45B7-814D-479857508D26}.Debug|Any CPU.Build.0 = Debug|Any CPU
		{532DEA59-30AA-45B7-814D-479857508D26}.Release|Any CPU.ActiveCfg = Release|Any CPU
		{532DEA59-30AA-45B7-814D-479857508D26}.Release|Any CPU.Build.0 = Release|Any CPU
		{21261E6D-47B8-478F-AB50-979FD20A836A}.Debug|Any CPU.ActiveCfg = Debug|Any CPU
		{21261E6D-47B8-478F-AB50-979FD20A836A}.Debug|Any CPU.Build.0 = Debug|Any CPU
		{21261E6D-47B8-478F-AB50-979FD20A836A}.Release|Any CPU.ActiveCfg = Release|Any CPU
		{21261E6D-47B8-478F-AB50-979FD20A836A}.Release|Any CPU.Build.0 = Release|Any CPU
		{B7208F4B-7ABB-498A-B19C-D217D6AE46EB}.Debug|Any CPU.ActiveCfg = Debug|Any CPU
		{B7208F4B-7ABB-498A-B19C-D217D6AE46EB}.Debug|Any CPU.Build.0 = Debug|Any CPU
		{B7208F4B-7ABB-498A-B19C-D217D6AE46EB}.Release|Any CPU.ActiveCfg = Release|Any CPU
		{B7208F4B-7ABB-498A-B19C-D217D6AE46EB}.Release|Any CPU.Build.0 = Release|Any CPU
		{0FDA1CE2-FFF6-46A8-BD88-824340C9F3F1}.Debug|Any CPU.ActiveCfg = Debug|Any CPU
		{0FDA1CE2-FFF6-46A8-BD88-824340C9F3F1}.Debug|Any CPU.Build.0 = Debug|Any CPU
		{0FDA1CE2-FFF6-46A8-BD88-824340C9F3F1}.Release|Any CPU.ActiveCfg = Release|Any CPU
		{0FDA1CE2-FFF6-46A8-BD88-824340C9F3F1}.Release|Any CPU.Build.0 = Release|Any CPU
		{A1F4FC17-1529-47E9-9ADB-95AA4D0D3772}.Debug|Any CPU.ActiveCfg = Debug|Any CPU
		{A1F4FC17-1529-47E9-9ADB-95AA4D0D3772}.Debug|Any CPU.Build.0 = Debug|Any CPU
		{A1F4FC17-1529-47E9-9ADB-95AA4D0D3772}.Release|Any CPU.ActiveCfg = Release|Any CPU
		{A1F4FC17-1529-47E9-9ADB-95AA4D0D3772}.Release|Any CPU.Build.0 = Release|Any CPU
		{ED5B26E0-2FDD-4F5C-8180-A924D55ACE0B}.Debug|Any CPU.ActiveCfg = Debug|Any CPU
		{ED5B26E0-2FDD-4F5C-8180-A924D55ACE0B}.Debug|Any CPU.Build.0 = Debug|Any CPU
		{ED5B26E0-2FDD-4F5C-8180-A924D55ACE0B}.Release|Any CPU.ActiveCfg = Release|Any CPU
		{ED5B26E0-2FDD-4F5C-8180-A924D55ACE0B}.Release|Any CPU.Build.0 = Release|Any CPU
	EndGlobalSection
	GlobalSection(SolutionProperties) = preSolution
		HideSolutionNode = FALSE
	EndGlobalSection
	GlobalSection(ExtensibilityGlobals) = postSolution
		SolutionGuid = {79579508-E3B9-42A5-B129-971381B0C5CE}
	EndGlobalSection
EndGlobal
